
Microsoft Visual Studio Solution File, Format Version 12.00
# Visual Studio Version 16
VisualStudioVersion = 16.0.29215.179
MinimumVisualStudioVersion = 10.0.40219.1
Project("{FAE04EC0-301F-11D3-BF4B-00C04F79EFBC}") = "DelegatesTraining", "DelegatesTraining\DelegatesTraining.csproj", "{60899C35-C8DA-4F88-B89D-FB1335FED5D2}"
EndProject
Global
	GlobalSection(SolutionConfigurationPlatforms) = preSolution
		Debug|Any CPU = Debug|Any CPU
		Release|Any CPU = Release|Any CPU
	EndGlobalSection
	GlobalSection(ProjectConfigurationPlatforms) = postSolution
		{60899C35-C8DA-4F88-B89D-FB1335FED5D2}.Debug|Any CPU.ActiveCfg = Debug|Any CPU
		{60899C35-C8DA-4F88-B89D-FB1335FED5D2}.Debug|Any CPU.Build.0 = Debug|Any CPU
		{60899C35-C8DA-4F88-B89D-FB1335FED5D2}.Release|Any CPU.ActiveCfg = Release|Any CPU
		{60899C35-C8DA-4F88-B89D-FB1335FED5D2}.Release|Any CPU.Build.0 = Release|Any CPU
	EndGlobalSection
	GlobalSection(SolutionProperties) = preSolution
		HideSolutionNode = FALSE
	EndGlobalSection
	GlobalSection(ExtensibilityGlobals) = postSolution
		SolutionGuid = {246A9BE5-DF8A-479D-B74A-16A8A3D874D7}
	EndGlobalSection
EndGlobal
